
Microsoft Visual Studio Solution File, Format Version 12.00
# Visual Studio Version 17
VisualStudioVersion = 17.10.35122.118
MinimumVisualStudioVersion = 10.0.40219.1
Project("{9A19103F-16F7-4668-BE54-9A1E7A4F7556}") = "Dashbpard", "Dashbpard\Dashbpard.csproj", "{77433BED-4333-468F-A8DD-0606CDB1599B}"
EndProject
Global
	GlobalSection(SolutionConfigurationPlatforms) = preSolution
		Debug|Any CPU = Debug|Any CPU
		Release|Any CPU = Release|Any CPU
	EndGlobalSection
	GlobalSection(ProjectConfigurationPlatforms) = postSolution
		{77433BED-4333-468F-A8DD-0606CDB1599B}.Debug|Any CPU.ActiveCfg = Debug|Any CPU
		{77433BED-4333-468F-A8DD-0606CDB1599B}.Debug|Any CPU.Build.0 = Debug|Any CPU
		{77433BED-4333-468F-A8DD-0606CDB1599B}.Release|Any CPU.ActiveCfg = Release|Any CPU
		{77433BED-4333-468F-A8DD-0606CDB1599B}.Release|Any CPU.Build.0 = Release|Any CPU
	EndGlobalSection
	GlobalSection(SolutionProperties) = preSolution
		HideSolutionNode = FALSE
	EndGlobalSection
	GlobalSection(ExtensibilityGlobals) = postSolution
		SolutionGuid = {BBED1506-FB32-4ED3-892C-EB96DAC18D55}
	EndGlobalSection
EndGlobal
